{
  "version": 4,
  "terraform_version": "1.9.8",
  "serial": 117,
  "lineage": "340d5b2e-4d05-551e-a958-ab5080b56198",
  "outputs": {
    "bastion_name": {
      "value": "gke-bastion",
      "type": "string"
    },
    "cluster_name": {
      "value": "demo-gke-private",
      "type": "string"
    },
    "iap_ssh_cmd": {
      "value": "gcloud compute ssh gke-bastion --tunnel-through-iap --zone me-central2-a --project prj-mon-test-iac",
      "type": "string"
    },
    "internal_get_credentials_cmd": {
      "value": "gcloud container clusters get-credentials demo-gke-private --region me-central2 --project prj-mon-test-iac --internal-ip",
      "type": "string"
    },
    "node_service_account": {
      "value": "gke-nodes@prj-mon-test-iac.iam.gserviceaccount.com",
      "type": "string"
    }
  },
  "resources": [
    {
      "mode": "data",
      "type": "google_compute_image",
      "name": "debian",
      "provider": "provider[\"registry.terraform.io/hashicorp/google\"]",
      "instances": [
        {
          "schema_version": 0,
          "attributes": {
            "archive_size_bytes": 2208277248,
            "creation_timestamp": "2025-08-13T13:08:21.799-07:00",
            "description": "Debian, Debian GNU/Linux, 12 (bookworm), amd64 built on 20250812",
            "disk_size_gb": 10,
            "family": "debian-12",
            "filter": null,
            "id": "projects/debian-cloud/global/images/debian-12-bookworm-v20250812",
            "image_encryption_key_sha256": "",
            "image_id": "4002435495978159706",
            "label_fingerprint": "iNBmVNCFF9w=",
            "labels": {
              "public-image": "true"
            },
            "licenses": [
              "https://www.googleapis.com/compute/v1/projects/debian-cloud/global/licenses/debian-12-bookworm"
            ],
            "most_recent": false,
            "name": "debian-12-bookworm-v20250812",
            "project": "debian-cloud",
            "self_link": "https://www.googleapis.com/compute/v1/projects/debian-cloud/global/images/debian-12-bookworm-v20250812",
            "source_disk": "",
            "source_disk_encryption_key_sha256": "",
            "source_disk_id": "",
            "source_image_id": "",
            "status": "READY"
          },
          "sensitive_attributes": []
        }
      ]
    },
    {
      "mode": "managed",
      "type": "google_compute_firewall",
      "name": "allow_internal",
      "provider": "provider[\"registry.terraform.io/hashicorp/google\"]",
      "instances": [
        {
          "schema_version": 1,
          "attributes": {
            "allow": [
              {
                "ports": [],
                "protocol": "icmp"
              },
              {
                "ports": [],
                "protocol": "tcp"
              },
              {
                "ports": [],
                "protocol": "udp"
              }
            ],
            "creation_timestamp": "2025-08-31T01:56:10.469-07:00",
            "deny": [],
            "description": "",
            "destination_ranges": [],
            "direction": "INGRESS",
            "disabled": false,
            "enable_logging": null,
            "id": "projects/prj-mon-test-iac/global/firewalls/gke-vpc-allow-internal",
            "log_config": [],
            "name": "gke-vpc-allow-internal",
            "network": "https://www.googleapis.com/compute/v1/projects/prj-mon-test-iac/global/networks/gke-vpc",
            "priority": 1000,
            "project": "prj-mon-test-iac",
            "self_link": "https://www.googleapis.com/compute/v1/projects/prj-mon-test-iac/global/firewalls/gke-vpc-allow-internal",
            "source_ranges": [
              "10.0.0.0/24",
              "10.10.0.0/16",
              "10.20.0.0/14",
              "10.50.0.0/20"
            ],
            "source_service_accounts": null,
            "source_tags": null,
            "target_service_accounts": null,
            "target_tags": null,
            "timeouts": null
          },
          "sensitive_attributes": [],
          "private": "eyJlMmJmYjczMC1lY2FhLTExZTYtOGY4OC0zNDM2M2JjN2M0YzAiOnsiY3JlYXRlIjoxMjAwMDAwMDAwMDAwLCJkZWxldGUiOjEyMDAwMDAwMDAwMDAsInVwZGF0ZSI6MTIwMDAwMDAwMDAwMH0sInNjaGVtYV92ZXJzaW9uIjoiMSJ9",
          "dependencies": [
            "google_compute_network.vpc",
            "google_project_service.enable_apis"
          ]
        }
      ]
    },
    {
      "mode": "managed",
      "type": "google_compute_firewall",
      "name": "iap_to_bastion_ssh",
      "provider": "provider[\"registry.terraform.io/hashicorp/google\"]",
      "instances": [
        {
          "schema_version": 1,
          "attributes": {
            "allow": [
              {
                "ports": [
                  "22"
                ],
                "protocol": "tcp"
              }
            ],
            "creation_timestamp": "2025-08-31T01:56:10.939-07:00",
            "deny": [],
            "description": "",
            "destination_ranges": [],
            "direction": "INGRESS",
            "disabled": false,
            "enable_logging": null,
            "id": "projects/prj-mon-test-iac/global/firewalls/gke-vpc-iap-to-bastion-ssh",
            "log_config": [],
            "name": "gke-vpc-iap-to-bastion-ssh",
            "network": "https://www.googleapis.com/compute/v1/projects/prj-mon-test-iac/global/networks/gke-vpc",
            "priority": 1000,
            "project": "prj-mon-test-iac",
            "self_link": "https://www.googleapis.com/compute/v1/projects/prj-mon-test-iac/global/firewalls/gke-vpc-iap-to-bastion-ssh",
            "source_ranges": [
              "35.235.240.0/20"
            ],
            "source_service_accounts": null,
            "source_tags": null,
            "target_service_accounts": null,
            "target_tags": [
              "bastion"
            ],
            "timeouts": null
          },
          "sensitive_attributes": [],
          "private": "eyJlMmJmYjczMC1lY2FhLTExZTYtOGY4OC0zNDM2M2JjN2M0YzAiOnsiY3JlYXRlIjoxMjAwMDAwMDAwMDAwLCJkZWxldGUiOjEyMDAwMDAwMDAwMDAsInVwZGF0ZSI6MTIwMDAwMDAwMDAwMH0sInNjaGVtYV92ZXJzaW9uIjoiMSJ9",
          "dependencies": [
            "google_compute_network.vpc",
            "google_project_service.enable_apis"
          ]
        }
      ]
    },
    {
      "mode": "managed",
      "type": "google_compute_firewall",
      "name": "master_to_nodes",
      "provider": "provider[\"registry.terraform.io/hashicorp/google\"]",
      "instances": [
        {
          "schema_version": 1,
          "attributes": {
            "allow": [
              {
                "ports": [
                  "443",
                  "10250",
                  "10257",
                  "10259",
                  "30000-32767"
                ],
                "protocol": "tcp"
              }
            ],
            "creation_timestamp": "2025-08-31T01:56:10.767-07:00",
            "deny": [],
            "description": "",
            "destination_ranges": [],
            "direction": "INGRESS",
            "disabled": false,
            "enable_logging": null,
            "id": "projects/prj-mon-test-iac/global/firewalls/gke-vpc-master-to-nodes",
            "log_config": [],
            "name": "gke-vpc-master-to-nodes",
            "network": "https://www.googleapis.com/compute/v1/projects/prj-mon-test-iac/global/networks/gke-vpc",
            "priority": 1000,
            "project": "prj-mon-test-iac",
            "self_link": "https://www.googleapis.com/compute/v1/projects/prj-mon-test-iac/global/firewalls/gke-vpc-master-to-nodes",
            "source_ranges": [
              "172.16.0.0/28"
            ],
            "source_service_accounts": null,
            "source_tags": null,
            "target_service_accounts": null,
            "target_tags": [
              "gke-node"
            ],
            "timeouts": null
          },
          "sensitive_attributes": [],
          "private": "eyJlMmJmYjczMC1lY2FhLTExZTYtOGY4OC0zNDM2M2JjN2M0YzAiOnsiY3JlYXRlIjoxMjAwMDAwMDAwMDAwLCJkZWxldGUiOjEyMDAwMDAwMDAwMDAsInVwZGF0ZSI6MTIwMDAwMDAwMDAwMH0sInNjaGVtYV92ZXJzaW9uIjoiMSJ9",
          "dependencies": [
            "google_compute_network.vpc",
            "google_project_service.enable_apis"
          ]
        }
      ]
    },
    {
      "mode": "managed",
      "type": "google_compute_instance",
      "name": "bastion",
      "provider": "provider[\"registry.terraform.io/hashicorp/google\"]",
      "instances": [
        {
          "schema_version": 6,
          "attributes": {
            "advanced_machine_features": [],
            "allow_stopping_for_update": null,
            "attached_disk": [],
            "boot_disk": [
              {
                "auto_delete": true,
                "device_name": "persistent-disk-0",
                "disk_encryption_key_raw": "",
                "disk_encryption_key_sha256": "",
                "initialize_params": [
                  {
                    "enable_confidential_compute": false,
                    "image": "https://www.googleapis.com/compute/v1/projects/debian-cloud/global/images/debian-12-bookworm-v20250812",
                    "labels": {},
                    "provisioned_iops": 0,
                    "provisioned_throughput": 0,
                    "resource_manager_tags": null,
                    "size": 10,
                    "storage_pool": "",
                    "type": "pd-balanced"
                  }
                ],
                "kms_key_self_link": "",
                "mode": "READ_WRITE",
                "source": "https://www.googleapis.com/compute/v1/projects/prj-mon-test-iac/zones/me-central2-a/disks/gke-bastion"
              }
            ],
            "can_ip_forward": false,
            "confidential_instance_config": [],
            "cpu_platform": "Intel Broadwell",
            "current_status": "RUNNING",
            "deletion_protection": false,
            "description": "",
            "desired_status": null,
            "effective_labels": {},
            "enable_display": false,
            "guest_accelerator": [],
            "hostname": "",
            "id": "projects/prj-mon-test-iac/zones/me-central2-a/instances/gke-bastion",
            "instance_id": "1459259156695986349",
            "label_fingerprint": "42WmSpB8rSM=",
            "labels": null,
            "machine_type": "e2-micro",
            "metadata": {
              "enable-oslogin": "TRUE"
            },
            "metadata_fingerprint": "SoCdyhoDofA=",
            "metadata_startup_script": "apt-get update -y\r\napt-get install -y curl apt-transport-https ca-certificates gnupg\r\necho \"deb [signed-by=/usr/share/keyrings/cloud.google.gpg] https://packages.cloud.google.com/apt cloud-sdk main\" | sudo tee -a /etc/apt/sources.list.d/google-cloud-sdk.list\r\ncurl https://packages.cloud.google.com/apt/doc/apt-key.gpg | sudo apt-key --keyring /usr/share/keyrings/cloud.google.gpg add -\r\nsudo apt update\r\nsudo apt-get install google-cloud-sdk-gke-gcloud-auth-plugin kubectl\r\nexport USE_GKE_GCLOUD_AUTH_PLUGIN=True\r\n",
            "min_cpu_platform": "",
            "name": "gke-bastion",
            "network_interface": [
              {
                "access_config": [],
                "alias_ip_range": [],
                "internal_ipv6_prefix_length": 0,
                "ipv6_access_config": [],
                "ipv6_access_type": "",
                "ipv6_address": "",
                "name": "nic0",
                "network": "https://www.googleapis.com/compute/v1/projects/prj-mon-test-iac/global/networks/gke-vpc",
                "network_ip": "10.0.0.2",
                "nic_type": "",
                "queue_count": 0,
                "stack_type": "IPV4_ONLY",
                "subnetwork": "https://www.googleapis.com/compute/v1/projects/prj-mon-test-iac/regions/me-central2/subnetworks/mgmt-subnet",
                "subnetwork_project": "prj-mon-test-iac"
              }
            ],
            "network_performance_config": [],
            "params": [],
            "project": "prj-mon-test-iac",
            "reservation_affinity": [],
            "resource_policies": null,
            "scheduling": [
              {
                "automatic_restart": true,
                "instance_termination_action": "",
                "local_ssd_recovery_timeout": [],
                "max_run_duration": [],
                "min_node_cpus": 0,
                "node_affinities": [],
                "on_host_maintenance": "MIGRATE",
                "on_instance_stop_action": [],
                "preemptible": false,
                "provisioning_model": "STANDARD"
              }
            ],
            "scratch_disk": [],
            "self_link": "https://www.googleapis.com/compute/v1/projects/prj-mon-test-iac/zones/me-central2-a/instances/gke-bastion",
            "service_account": [],
            "shielded_instance_config": [
              {
                "enable_integrity_monitoring": true,
                "enable_secure_boot": false,
                "enable_vtpm": true
              }
            ],
            "tags": [
              "bastion"
            ],
            "tags_fingerprint": "NfTTNVh6sLU=",
            "terraform_labels": {},
            "timeouts": null,
            "zone": "me-central2-a"
          },
          "sensitive_attributes": [
            [
              {
                "type": "get_attr",
                "value": "boot_disk"
              },
              {
                "type": "index",
                "value": {
                  "value": 0,
                  "type": "number"
                }
              },
              {
                "type": "get_attr",
                "value": "disk_encryption_key_raw"
              }
            ]
          ],
          "private": "eyJlMmJmYjczMC1lY2FhLTExZTYtOGY4OC0zNDM2M2JjN2M0YzAiOnsiY3JlYXRlIjoxMjAwMDAwMDAwMDAwLCJkZWxldGUiOjEyMDAwMDAwMDAwMDAsInVwZGF0ZSI6MTIwMDAwMDAwMDAwMH0sInNjaGVtYV92ZXJzaW9uIjoiNiJ9",
          "dependencies": [
            "data.google_compute_image.debian",
            "google_compute_network.vpc",
            "google_compute_subnetwork.mgmt",
            "google_project_service.enable_apis"
          ]
        }
      ]
    },
    {
      "mode": "managed",
      "type": "google_compute_network",
      "name": "vpc",
      "provider": "provider[\"registry.terraform.io/hashicorp/google\"]",
      "instances": [
        {
          "schema_version": 0,
          "attributes": {
            "auto_create_subnetworks": false,
            "delete_default_routes_on_create": false,
            "description": "",
            "enable_ula_internal_ipv6": false,
            "gateway_ipv4": "",
            "id": "projects/prj-mon-test-iac/global/networks/gke-vpc",
            "internal_ipv6_range": "",
            "mtu": 0,
            "name": "gke-vpc",
            "network_firewall_policy_enforcement_order": "AFTER_CLASSIC_FIREWALL",
            "numeric_id": "4596043054805790972",
            "project": "prj-mon-test-iac",
            "routing_mode": "REGIONAL",
            "self_link": "https://www.googleapis.com/compute/v1/projects/prj-mon-test-iac/global/networks/gke-vpc",
            "timeouts": null
          },
          "sensitive_attributes": [],
          "private": "eyJlMmJmYjczMC1lY2FhLTExZTYtOGY4OC0zNDM2M2JjN2M0YzAiOnsiY3JlYXRlIjoxMjAwMDAwMDAwMDAwLCJkZWxldGUiOjEyMDAwMDAwMDAwMDAsInVwZGF0ZSI6MTIwMDAwMDAwMDAwMH19",
          "dependencies": [
            "google_project_service.enable_apis"
          ]
        }
      ]
    },
    {
      "mode": "managed",
      "type": "google_compute_router",
      "name": "router",
      "provider": "provider[\"registry.terraform.io/hashicorp/google\"]",
      "instances": [
        {
          "schema_version": 0,
          "attributes": {
            "bgp": [],
            "creation_timestamp": "2025-08-31T01:56:10.503-07:00",
            "description": "",
            "encrypted_interconnect_router": false,
            "id": "projects/prj-mon-test-iac/regions/me-central2/routers/gke-vpc-router",
            "name": "gke-vpc-router",
            "network": "https://www.googleapis.com/compute/v1/projects/prj-mon-test-iac/global/networks/gke-vpc",
            "project": "prj-mon-test-iac",
            "region": "me-central2",
            "self_link": "https://www.googleapis.com/compute/v1/projects/prj-mon-test-iac/regions/me-central2/routers/gke-vpc-router",
            "timeouts": null
          },
          "sensitive_attributes": [],
          "private": "eyJlMmJmYjczMC1lY2FhLTExZTYtOGY4OC0zNDM2M2JjN2M0YzAiOnsiY3JlYXRlIjoxMjAwMDAwMDAwMDAwLCJkZWxldGUiOjEyMDAwMDAwMDAwMDAsInVwZGF0ZSI6MTIwMDAwMDAwMDAwMH19",
          "dependencies": [
            "google_compute_network.vpc",
            "google_project_service.enable_apis"
          ]
        }
      ]
    },
    {
      "mode": "managed",
      "type": "google_compute_router_nat",
      "name": "nat",
      "provider": "provider[\"registry.terraform.io/hashicorp/google\"]",
      "instances": [
        {
          "schema_version": 0,
          "attributes": {
            "auto_network_tier": "PREMIUM",
            "drain_nat_ips": null,
            "enable_dynamic_port_allocation": false,
            "enable_endpoint_independent_mapping": false,
            "endpoint_types": [
              "ENDPOINT_TYPE_VM"
            ],
            "icmp_idle_timeout_sec": 30,
            "id": "prj-mon-test-iac/me-central2/gke-vpc-router/gke-vpc-nat",
            "log_config": [],
            "max_ports_per_vm": 0,
            "min_ports_per_vm": 0,
            "name": "gke-vpc-nat",
            "nat_ip_allocate_option": "AUTO_ONLY",
            "nat_ips": null,
            "project": "prj-mon-test-iac",
            "region": "me-central2",
            "router": "gke-vpc-router",
            "rules": [],
            "source_subnetwork_ip_ranges_to_nat": "LIST_OF_SUBNETWORKS",
            "subnetwork": [
              {
                "name": "projects/prj-mon-test-iac/regions/me-central2/subnetworks/gke-private-subnet",
                "secondary_ip_range_names": [],
                "source_ip_ranges_to_nat": [
                  "ALL_IP_RANGES"
                ]
              },
              {
                "name": "projects/prj-mon-test-iac/regions/me-central2/subnetworks/mgmt-subnet",
                "secondary_ip_range_names": [],
                "source_ip_ranges_to_nat": [
                  "ALL_IP_RANGES"
                ]
              }
            ],
            "tcp_established_idle_timeout_sec": 1200,
            "tcp_time_wait_timeout_sec": 120,
            "tcp_transitory_idle_timeout_sec": 30,
            "timeouts": null,
            "udp_idle_timeout_sec": 30
          },
          "sensitive_attributes": [],
          "private": "eyJlMmJmYjczMC1lY2FhLTExZTYtOGY4OC0zNDM2M2JjN2M0YzAiOnsiY3JlYXRlIjoxMjAwMDAwMDAwMDAwLCJkZWxldGUiOjEyMDAwMDAwMDAwMDAsInVwZGF0ZSI6MTIwMDAwMDAwMDAwMH19",
          "dependencies": [
            "google_compute_network.vpc",
            "google_compute_router.router",
            "google_compute_subnetwork.gke",
            "google_compute_subnetwork.mgmt",
            "google_project_service.enable_apis"
          ]
        }
      ]
    },
    {
      "mode": "managed",
      "type": "google_compute_subnetwork",
      "name": "gke",
      "provider": "provider[\"registry.terraform.io/hashicorp/google\"]",
      "instances": [
        {
          "schema_version": 0,
          "attributes": {
            "creation_timestamp": "2025-08-31T01:56:11.174-07:00",
            "description": "",
            "external_ipv6_prefix": "",
            "fingerprint": null,
            "gateway_address": "10.10.0.1",
            "id": "projects/prj-mon-test-iac/regions/me-central2/subnetworks/gke-private-subnet",
            "internal_ipv6_prefix": "",
            "ip_cidr_range": "10.10.0.0/16",
            "ipv6_access_type": "",
            "ipv6_cidr_range": "",
            "log_config": [],
            "name": "gke-private-subnet",
            "network": "https://www.googleapis.com/compute/v1/projects/prj-mon-test-iac/global/networks/gke-vpc",
            "private_ip_google_access": true,
            "private_ipv6_google_access": "DISABLE_GOOGLE_ACCESS",
            "project": "prj-mon-test-iac",
            "purpose": "PRIVATE",
            "region": "me-central2",
            "role": "",
            "secondary_ip_range": [
              {
                "ip_cidr_range": "10.20.0.0/14",
                "range_name": "gke-private-subnet-pods"
              },
              {
                "ip_cidr_range": "10.50.0.0/20",
                "range_name": "gke-private-subnet-services"
              }
            ],
            "self_link": "https://www.googleapis.com/compute/v1/projects/prj-mon-test-iac/regions/me-central2/subnetworks/gke-private-subnet",
            "send_secondary_ip_range_if_empty": null,
            "stack_type": "IPV4_ONLY",
            "timeouts": null
          },
          "sensitive_attributes": [],
          "private": "eyJlMmJmYjczMC1lY2FhLTExZTYtOGY4OC0zNDM2M2JjN2M0YzAiOnsiY3JlYXRlIjoxMjAwMDAwMDAwMDAwLCJkZWxldGUiOjEyMDAwMDAwMDAwMDAsInVwZGF0ZSI6MTIwMDAwMDAwMDAwMH19",
          "dependencies": [
            "google_compute_network.vpc",
            "google_project_service.enable_apis"
          ]
        }
      ]
    },
    {
      "mode": "managed",
      "type": "google_compute_subnetwork",
      "name": "mgmt",
      "provider": "provider[\"registry.terraform.io/hashicorp/google\"]",
      "instances": [
        {
          "schema_version": 0,
          "attributes": {
            "creation_timestamp": "2025-08-31T01:56:11.222-07:00",
            "description": "",
            "external_ipv6_prefix": "",
            "fingerprint": null,
            "gateway_address": "10.0.0.1",
            "id": "projects/prj-mon-test-iac/regions/me-central2/subnetworks/mgmt-subnet",
            "internal_ipv6_prefix": "",
            "ip_cidr_range": "10.0.0.0/24",
            "ipv6_access_type": "",
            "ipv6_cidr_range": "",
            "log_config": [],
            "name": "mgmt-subnet",
            "network": "https://www.googleapis.com/compute/v1/projects/prj-mon-test-iac/global/networks/gke-vpc",
            "private_ip_google_access": true,
            "private_ipv6_google_access": "DISABLE_GOOGLE_ACCESS",
            "project": "prj-mon-test-iac",
            "purpose": "PRIVATE",
            "region": "me-central2",
            "role": "",
            "secondary_ip_range": [],
            "self_link": "https://www.googleapis.com/compute/v1/projects/prj-mon-test-iac/regions/me-central2/subnetworks/mgmt-subnet",
            "send_secondary_ip_range_if_empty": null,
            "stack_type": "IPV4_ONLY",
            "timeouts": null
          },
          "sensitive_attributes": [],
          "private": "eyJlMmJmYjczMC1lY2FhLTExZTYtOGY4OC0zNDM2M2JjN2M0YzAiOnsiY3JlYXRlIjoxMjAwMDAwMDAwMDAwLCJkZWxldGUiOjEyMDAwMDAwMDAwMDAsInVwZGF0ZSI6MTIwMDAwMDAwMDAwMH19",
          "dependencies": [
            "google_compute_network.vpc",
            "google_project_service.enable_apis"
          ]
        }
      ]
    },
    {
      "mode": "managed",
      "type": "google_container_cluster",
      "name": "cluster",
      "provider": "provider[\"registry.terraform.io/hashicorp/google\"]",
      "instances": [
        {
          "schema_version": 2,
          "attributes": {
            "addons_config": [
              {
                "cloudrun_config": [],
                "config_connector_config": [],
                "dns_cache_config": [],
                "gce_persistent_disk_csi_driver_config": [
                  {
                    "enabled": true
                  }
                ],
                "gcp_filestore_csi_driver_config": [],
                "gcs_fuse_csi_driver_config": [],
                "gke_backup_agent_config": [],
                "horizontal_pod_autoscaling": [],
                "http_load_balancing": [],
                "network_policy_config": [
                  {
                    "disabled": true
                  }
                ],
                "ray_operator_config": [],
                "stateful_ha_config": []
              }
            ],
            "allow_net_admin": null,
            "authenticator_groups_config": [],
            "binary_authorization": [
              {
                "enabled": false,
                "evaluation_mode": ""
              }
            ],
            "cluster_autoscaling": [
              {
                "auto_provisioning_defaults": [],
                "auto_provisioning_locations": [],
                "autoscaling_profile": "BALANCED",
                "enabled": false,
                "resource_limits": []
              }
            ],
            "cluster_ipv4_cidr": "10.20.0.0/14",
            "confidential_nodes": [],
            "cost_management_config": [],
            "database_encryption": [
              {
                "key_name": "",
                "state": "DECRYPTED"
              }
            ],
            "datapath_provider": "",
            "default_max_pods_per_node": 110,
            "default_snat_status": [
              {
                "disabled": false
              }
            ],
            "deletion_protection": false,
            "description": "",
            "dns_config": [],
            "enable_autopilot": false,
            "enable_cilium_clusterwide_network_policy": false,
            "enable_intranode_visibility": false,
            "enable_k8s_beta_apis": [],
            "enable_kubernetes_alpha": false,
            "enable_l4_ilb_subsetting": false,
            "enable_legacy_abac": false,
            "enable_multi_networking": false,
            "enable_shielded_nodes": true,
            "enable_tpu": false,
            "endpoint": "172.16.0.2",
            "fleet": [],
            "gateway_api_config": [],
            "id": "projects/prj-mon-test-iac/locations/me-central2/clusters/demo-gke-private",
            "identity_service_config": [],
            "initial_node_count": 1,
            "ip_allocation_policy": [
              {
                "additional_pod_ranges_config": [],
                "cluster_ipv4_cidr_block": "10.20.0.0/14",
                "cluster_secondary_range_name": "gke-private-subnet-pods",
                "pod_cidr_overprovision_config": [
                  {
                    "disabled": false
                  }
                ],
                "services_ipv4_cidr_block": "10.50.0.0/20",
                "services_secondary_range_name": "gke-private-subnet-services",
                "stack_type": "IPV4"
              }
            ],
            "label_fingerprint": "a9dc16a7",
            "location": "me-central2",
            "logging_config": [
              {
                "enable_components": [
                  "SYSTEM_COMPONENTS",
                  "WORKLOADS"
                ]
              }
            ],
            "logging_service": "logging.googleapis.com/kubernetes",
            "maintenance_policy": [],
            "master_auth": [
              {
                "client_certificate": "",
                "client_certificate_config": [
                  {
                    "issue_client_certificate": false
                  }
                ],
                "client_key": "",
                "cluster_ca_certificate": "LS0tLS1CRUdJTiBDRVJUSUZJQ0FURS0tLS0tCk1JSUVMRENDQXBTZ0F3SUJBZ0lRYlJndlhHMUlWRGEwSzhNcEdVOGJNVEFOQmdrcWhraUc5dzBCQVFzRkFEQXYKTVMwd0t3WURWUVFERXlRM01tSXlNbUV3WVMwMU4yVTJMVFE1T1RFdE9HUXdZeTB3TTJJME5UVXhNRFkzTXpVdwpJQmNOTWpVd09ETXhNRGMxTmpVMVdoZ1BNakExTlRBNE1qUXdPRFUyTlRWYU1DOHhMVEFyQmdOVkJBTVRKRGN5CllqSXlZVEJoTFRVM1pUWXRORGs1TVMwNFpEQmpMVEF6WWpRMU5URXdOamN6TlRDQ0FhSXdEUVlKS29aSWh2Y04KQVFFQkJRQURnZ0dQQURDQ0FZb0NnZ0dCQU1DSzVnOEtQRTg3ME1SbmNsYWFjeFhkdFpaUUYrc0lHOUVrUG11cQpkLzkyTHZxZ1FCQ2RRdlExRjUrdjdDZitYbXpwNjZxTWhrN255bmxaUDdJZUMxQkVpS0FSRlNnU3JTUnVwS2tPCkYzc3NiSUR4bjNKYW1WNGFETkM0bWllY1Z6dFJvWXVvM1dyd0lMUW5LdDNXVE11TTY0eHdDaTZIK0NCYk5aT1UKaHY5OW50TkNsL2p3UVNBSEJWSkY1bXNjSlFaeHRDQUtadVplbndNeXdTbjdIbWVMUFBhQ2lGY2xNYm94WFJlNApoSzAzM043aUcvdGxQbEp1OVBXZ1lvY0RyVHo0a1BxSEdlZmd0cWRMN0VyeGdxTkJnSm1lMXI1UkJWY0ErekJLCjF1Y2gyTk5TYlZSY01vL2FESFE1WDhPWGd3V0xNcVd1SnA2YmsxeElrcE9IMnZvU01waUFLbmJ6TVJpS2NlWkYKNlBMcm16MURjMGp4NzF4SkZLb01HV0ViNVN3VHdadGlOYXpRUE02VVhhb0t6RmRUZHM5OUxWS3FpZVdZS2l2UApieCtYMWtxUklEL2dkVTlCaElVdGJiL3VYME55bUd3WTdKanBEeThxZ1IxVU1zNEZnZ0plRGFMNlRwWFBxTHgrCnNLbVlHQWZ1a2RvcVB6TmwvNnJmM2lWVnd3SURBUUFCbzBJd1FEQU9CZ05WSFE4QkFmOEVCQU1DQWdRd0R3WUQKVlIwVEFRSC9CQVV3QXdFQi96QWRCZ05WSFE0RUZnUVVtNHJZc2RHRGFyUkc4YXRPNnZEdk5jd1hvN0l3RFFZSgpLb1pJaHZjTkFRRUxCUUFEZ2dHQkFINFFJWXpqSWNwbHpVZGNGYi8rb0E2c2NHNGQzNm1OUHFTM0JwT1VaMWVUClZDWHpCcEV1K2tvQmpKazZmM2xhbDFWZ2VjOFF5cU5oV3RxZmE2UjdKZkdNZ0tMVmhGRU9vOE13MmdibTdJaDkKZ2tEcnU3cWhmdjVacHJIS1ROa2tGQTFKZUZQWnllYVliU2hDV29rQlE3Zm4vbGI5bFR5OVgyMUVCUlVJdTJ4MAp2QWtycXBWVm9lOUJhUDZDVFFvdjVERDZxR0phb3BxY01JYzlETzc3QWxkZmdtcHE2WjkxbENBVWZjaDIzTlk2CjBmeHh3TWNLN08yaXB3MjQ1VHNTQ2xyc1pCdkV5eHhDN3dUbzRUVk8rQk05UFI1UUN4YkZ5cWFDWVVRMnNRT1gKYlAzZUF0V2wrQ2pneC9yM3Q1a0xIMGJoZm5kdWRpakQzRXRxTlJmdVJPbzdwNlZmcGxQK3N4WVVXU0R0eWgwRApnTmdXYW56M1JBMzVCVmkraldUbk1ZVnU3WGRzc2tXTmFqcngxQkJqbXRaMlhTM1ZJQlJZWEhKWlJmbTFaZTBHCk5IVDRScnFXR3k1MXROMDBIb3lLY2Nkay8vRzQybDB5R3VSbkFSb0cvRk11MDAwd0luMmNjc1hHaVlTWWtlMmkKdXpjazFNNGtqajYySWFTZE4wM1Z3dz09Ci0tLS0tRU5EIENFUlRJRklDQVRFLS0tLS0K"
              }
            ],
            "master_authorized_networks_config": [
              {
                "cidr_blocks": [
                  {
                    "cidr_block": "10.0.0.0/24",
                    "display_name": "mgmt-subnet"
                  }
                ],
                "gcp_public_cidrs_access_enabled": false
              }
            ],
            "master_version": "1.33.3-gke.1136000",
            "mesh_certificates": [],
            "min_master_version": null,
            "monitoring_config": [
              {
                "advanced_datapath_observability_config": [
                  {
                    "enable_metrics": false,
                    "enable_relay": false,
                    "relay_mode": "DISABLED"
                  }
                ],
                "enable_components": [
                  "SYSTEM_COMPONENTS",
                  "STORAGE",
                  "HPA",
                  "POD",
                  "DAEMONSET",
                  "DEPLOYMENT",
                  "STATEFULSET",
                  "JOBSET",
                  "CADVISOR",
                  "KUBELET",
                  "DCGM"
                ],
                "managed_prometheus": [
                  {
                    "enabled": true
                  }
                ]
              }
            ],
            "monitoring_service": "monitoring.googleapis.com/kubernetes",
            "name": "demo-gke-private",
            "network": "projects/prj-mon-test-iac/global/networks/gke-vpc",
            "network_policy": [
              {
                "enabled": false,
                "provider": "PROVIDER_UNSPECIFIED"
              }
            ],
            "networking_mode": "VPC_NATIVE",
            "node_config": [],
            "node_locations": [
              "me-central2-a"
            ],
            "node_pool": [],
            "node_pool_auto_config": [
              {
                "network_tags": [],
                "node_kubelet_config": [
                  {
                    "insecure_kubelet_readonly_port_enabled": "FALSE"
                  }
                ],
                "resource_manager_tags": {}
              }
            ],
            "node_pool_defaults": [
              {
                "node_config_defaults": [
                  {
                    "containerd_config": [],
                    "insecure_kubelet_readonly_port_enabled": "FALSE",
                    "logging_variant": "DEFAULT"
                  }
                ]
              }
            ],
            "node_version": "1.33.3-gke.1136000",
            "notification_config": [
              {
                "pubsub": [
                  {
                    "enabled": false,
                    "filter": [],
                    "topic": ""
                  }
                ]
              }
            ],
            "operation": null,
            "private_cluster_config": [
              {
                "enable_private_endpoint": true,
                "enable_private_nodes": true,
                "master_global_access_config": [
                  {
                    "enabled": false
                  }
                ],
                "master_ipv4_cidr_block": "172.16.0.0/28",
                "peering_name": "",
                "private_endpoint": "172.16.0.2",
                "private_endpoint_subnetwork": "",
                "public_endpoint": "34.166.118.5"
              }
            ],
            "private_ipv6_google_access": "",
            "project": "prj-mon-test-iac",
            "release_channel": [
              {
                "channel": "REGULAR"
              }
            ],
            "remove_default_node_pool": true,
            "resource_labels": null,
            "resource_usage_export_config": [],
            "security_posture_config": [
              {
                "mode": "BASIC",
                "vulnerability_mode": "VULNERABILITY_MODE_UNSPECIFIED"
              }
            ],
            "self_link": "https://container.googleapis.com/v1/projects/prj-mon-test-iac/locations/me-central2/clusters/demo-gke-private",
            "service_external_ips_config": [
              {
                "enabled": false
              }
            ],
            "services_ipv4_cidr": "10.50.0.0/20",
            "subnetwork": "projects/prj-mon-test-iac/regions/me-central2/subnetworks/gke-private-subnet",
            "timeouts": null,
            "tpu_ipv4_cidr_block": "",
            "vertical_pod_autoscaling": [],
            "workload_identity_config": []
          },
          "sensitive_attributes": [
            [
              {
                "type": "get_attr",
                "value": "master_auth"
              },
              {
                "type": "index",
                "value": {
                  "value": 0,
                  "type": "number"
                }
              },
              {
                "type": "get_attr",
                "value": "client_key"
              }
            ]
          ],
          "private": "eyJlMmJmYjczMC1lY2FhLTExZTYtOGY4OC0zNDM2M2JjN2M0YzAiOnsiY3JlYXRlIjoyNDAwMDAwMDAwMDAwLCJkZWxldGUiOjI0MDAwMDAwMDAwMDAsInJlYWQiOjI0MDAwMDAwMDAwMDAsInVwZGF0ZSI6MzYwMDAwMDAwMDAwMH0sInNjaGVtYV92ZXJzaW9uIjoiMiJ9",
          "dependencies": [
            "google_compute_network.vpc",
            "google_compute_router.router",
            "google_compute_router_nat.nat",
            "google_compute_subnetwork.gke",
            "google_compute_subnetwork.mgmt",
            "google_project_service.enable_apis"
          ]
        }
      ]
    },
    {
      "mode": "managed",
      "type": "google_container_node_pool",
      "name": "primary",
      "provider": "provider[\"registry.terraform.io/hashicorp/google\"]",
      "instances": [
        {
          "schema_version": 1,
          "attributes": {
            "autoscaling": [],
            "cluster": "demo-gke-private",
            "id": "projects/prj-mon-test-iac/locations/me-central2/clusters/demo-gke-private/nodePools/demo-gke-private-np",
            "initial_node_count": 1,
            "instance_group_urls": [
              "https://www.googleapis.com/compute/v1/projects/prj-mon-test-iac/zones/me-central2-a/instanceGroupManagers/gke-demo-gke-private-demo-gke-private-e4205165-grp"
            ],
            "location": "me-central2",
            "managed_instance_group_urls": [
              "https://www.googleapis.com/compute/v1/projects/prj-mon-test-iac/zones/me-central2-a/instanceGroups/gke-demo-gke-private-demo-gke-private-e4205165-grp"
            ],
            "management": [
              {
                "auto_repair": true,
                "auto_upgrade": true
              }
            ],
            "max_pods_per_node": 110,
            "name": "demo-gke-private-np",
            "name_prefix": "",
            "network_config": [
              {
                "additional_node_network_configs": [],
                "additional_pod_network_configs": [],
                "create_pod_range": false,
                "enable_private_nodes": true,
                "network_performance_config": [],
                "pod_cidr_overprovision_config": [],
                "pod_ipv4_cidr_block": "10.20.0.0/14",
                "pod_range": "gke-private-subnet-pods"
              }
            ],
            "node_config": [
              {
                "advanced_machine_features": [],
                "boot_disk_kms_key": "",
                "confidential_nodes": [],
                "containerd_config": [],
                "disk_size_gb": 100,
                "disk_type": "pd-balanced",
                "effective_taints": [],
                "enable_confidential_storage": false,
                "ephemeral_storage_local_ssd_config": [],
                "fast_socket": [],
                "gcfs_config": [],
                "guest_accelerator": [],
                "gvnic": [],
                "host_maintenance_policy": [],
                "image_type": "COS_CONTAINERD",
                "kubelet_config": [
                  {
                    "cpu_cfs_quota": false,
                    "cpu_cfs_quota_period": "",
                    "cpu_manager_policy": "",
                    "insecure_kubelet_readonly_port_enabled": "FALSE",
                    "pod_pids_limit": 0
                  }
                ],
                "labels": {},
                "linux_node_config": [],
                "local_nvme_ssd_block_config": [],
                "local_ssd_count": 0,
                "logging_variant": "DEFAULT",
                "machine_type": "e2-small",
                "metadata": {
                  "disable-legacy-endpoints": "true"
                },
                "min_cpu_platform": "",
                "node_group": "",
                "oauth_scopes": [
                  "https://www.googleapis.com/auth/cloud-platform"
                ],
                "preemptible": false,
                "reservation_affinity": [],
                "resource_labels": {
                  "goog-gke-node-pool-provisioning-model": "on-demand"
                },
                "resource_manager_tags": null,
                "secondary_boot_disks": [],
                "service_account": "gke-nodes@prj-mon-test-iac.iam.gserviceaccount.com",
                "shielded_instance_config": [
                  {
                    "enable_integrity_monitoring": true,
                    "enable_secure_boot": false
                  }
                ],
                "sole_tenant_config": [],
                "spot": false,
                "tags": [
                  "gke-node"
                ],
                "taint": [],
                "workload_metadata_config": []
              }
            ],
            "node_count": 1,
            "node_locations": [
              "me-central2-a"
            ],
            "operation": null,
            "placement_policy": [],
            "project": "prj-mon-test-iac",
            "queued_provisioning": [],
            "timeouts": null,
            "upgrade_settings": [
              {
                "blue_green_settings": [],
                "max_surge": 1,
                "max_unavailable": 0,
                "strategy": "SURGE"
              }
            ],
            "version": "1.33.3-gke.1136000"
          },
          "sensitive_attributes": [],
          "private": "eyJlMmJmYjczMC1lY2FhLTExZTYtOGY4OC0zNDM2M2JjN2M0YzAiOnsiY3JlYXRlIjoxODAwMDAwMDAwMDAwLCJkZWxldGUiOjE4MDAwMDAwMDAwMDAsInVwZGF0ZSI6MTgwMDAwMDAwMDAwMH0sInNjaGVtYV92ZXJzaW9uIjoiMSJ9",
          "dependencies": [
            "google_compute_network.vpc",
            "google_compute_router.router",
            "google_compute_router_nat.nat",
            "google_compute_subnetwork.gke",
            "google_compute_subnetwork.mgmt",
            "google_container_cluster.cluster",
            "google_project_service.enable_apis",
            "google_service_account.gke_nodes"
          ]
        }
      ]
    },
    {
      "mode": "managed",
      "type": "google_project_iam_member",
      "name": "iap_tunnel",
      "provider": "provider[\"registry.terraform.io/hashicorp/google\"]",
      "instances": [
        {
          "index_key": "user:a.elboray.c@ncnp.gov.sa",
          "schema_version": 0,
          "attributes": {
            "condition": [],
            "etag": "BwY9pWuwt2s=",
            "id": "prj-mon-test-iac/roles/iap.tunnelResourceAccessor/user:a.elboray.c@ncnp.gov.sa",
            "member": "user:a.elboray.c@ncnp.gov.sa",
            "project": "prj-mon-test-iac",
            "role": "roles/iap.tunnelResourceAccessor"
          },
          "sensitive_attributes": [],
          "private": "bnVsbA=="
        }
      ]
    },
    {
      "mode": "managed",
      "type": "google_project_iam_member",
      "name": "node_sa_roles",
      "provider": "provider[\"registry.terraform.io/hashicorp/google\"]",
      "instances": [
        {
          "index_key": "roles/artifactregistry.reader",
          "schema_version": 0,
          "attributes": {
            "condition": [],
            "etag": "BwY9pWyVSkk=",
            "id": "prj-mon-test-iac/roles/artifactregistry.reader/serviceAccount:gke-nodes@prj-mon-test-iac.iam.gserviceaccount.com",
            "member": "serviceAccount:gke-nodes@prj-mon-test-iac.iam.gserviceaccount.com",
            "project": "prj-mon-test-iac",
            "role": "roles/artifactregistry.reader"
          },
          "sensitive_attributes": [],
          "private": "bnVsbA==",
          "dependencies": [
            "google_service_account.gke_nodes"
          ]
        },
        {
          "index_key": "roles/logging.logWriter",
          "schema_version": 0,
          "attributes": {
            "condition": [],
            "etag": "BwY9pWyVSkk=",
            "id": "prj-mon-test-iac/roles/logging.logWriter/serviceAccount:gke-nodes@prj-mon-test-iac.iam.gserviceaccount.com",
            "member": "serviceAccount:gke-nodes@prj-mon-test-iac.iam.gserviceaccount.com",
            "project": "prj-mon-test-iac",
            "role": "roles/logging.logWriter"
          },
          "sensitive_attributes": [],
          "private": "bnVsbA==",
          "dependencies": [
            "google_service_account.gke_nodes"
          ]
        },
        {
          "index_key": "roles/monitoring.metricWriter",
          "schema_version": 0,
          "attributes": {
            "condition": [],
            "etag": "BwY9pWyVSkk=",
            "id": "prj-mon-test-iac/roles/monitoring.metricWriter/serviceAccount:gke-nodes@prj-mon-test-iac.iam.gserviceaccount.com",
            "member": "serviceAccount:gke-nodes@prj-mon-test-iac.iam.gserviceaccount.com",
            "project": "prj-mon-test-iac",
            "role": "roles/monitoring.metricWriter"
          },
          "sensitive_attributes": [],
          "private": "bnVsbA==",
          "dependencies": [
            "google_service_account.gke_nodes"
          ]
        },
        {
          "index_key": "roles/monitoring.viewer",
          "schema_version": 0,
          "attributes": {
            "condition": [],
            "etag": "BwY9pWyVSkk=",
            "id": "prj-mon-test-iac/roles/monitoring.viewer/serviceAccount:gke-nodes@prj-mon-test-iac.iam.gserviceaccount.com",
            "member": "serviceAccount:gke-nodes@prj-mon-test-iac.iam.gserviceaccount.com",
            "project": "prj-mon-test-iac",
            "role": "roles/monitoring.viewer"
          },
          "sensitive_attributes": [],
          "private": "bnVsbA==",
          "dependencies": [
            "google_service_account.gke_nodes"
          ]
        },
        {
          "index_key": "roles/stackdriver.resourceMetadata.writer",
          "schema_version": 0,
          "attributes": {
            "condition": [],
            "etag": "BwY9pWyVSkk=",
            "id": "prj-mon-test-iac/roles/stackdriver.resourceMetadata.writer/serviceAccount:gke-nodes@prj-mon-test-iac.iam.gserviceaccount.com",
            "member": "serviceAccount:gke-nodes@prj-mon-test-iac.iam.gserviceaccount.com",
            "project": "prj-mon-test-iac",
            "role": "roles/stackdriver.resourceMetadata.writer"
          },
          "sensitive_attributes": [],
          "private": "bnVsbA==",
          "dependencies": [
            "google_service_account.gke_nodes"
          ]
        },
        {
          "index_key": "roles/storage.objectViewer",
          "schema_version": 0,
          "attributes": {
            "condition": [],
            "etag": "BwY9pWyVSkk=",
            "id": "prj-mon-test-iac/roles/storage.objectViewer/serviceAccount:gke-nodes@prj-mon-test-iac.iam.gserviceaccount.com",
            "member": "serviceAccount:gke-nodes@prj-mon-test-iac.iam.gserviceaccount.com",
            "project": "prj-mon-test-iac",
            "role": "roles/storage.objectViewer"
          },
          "sensitive_attributes": [],
          "private": "bnVsbA==",
          "dependencies": [
            "google_service_account.gke_nodes"
          ]
        }
      ]
    },
    {
      "mode": "managed",
      "type": "google_project_iam_member",
      "name": "oslogin_admin",
      "provider": "provider[\"registry.terraform.io/hashicorp/google\"]",
      "instances": [
        {
          "index_key": "user:a.elboray.c@ncnp.gov.sa",
          "schema_version": 0,
          "attributes": {
            "condition": [],
            "etag": "BwY9pWuwt2s=",
            "id": "prj-mon-test-iac/roles/compute.osAdminLogin/user:a.elboray.c@ncnp.gov.sa",
            "member": "user:a.elboray.c@ncnp.gov.sa",
            "project": "prj-mon-test-iac",
            "role": "roles/compute.osAdminLogin"
          },
          "sensitive_attributes": [],
          "private": "bnVsbA=="
        }
      ]
    },
    {
      "mode": "managed",
      "type": "google_project_service",
      "name": "enable_apis",
      "provider": "provider[\"registry.terraform.io/hashicorp/google\"]",
      "instances": [
        {
          "index_key": "artifactregistry.googleapis.com",
          "schema_version": 0,
          "attributes": {
            "disable_dependent_services": null,
            "disable_on_destroy": false,
            "id": "prj-mon-test-iac/artifactregistry.googleapis.com",
            "project": "prj-mon-test-iac",
            "service": "artifactregistry.googleapis.com",
            "timeouts": null
          },
          "sensitive_attributes": [],
          "private": "eyJlMmJmYjczMC1lY2FhLTExZTYtOGY4OC0zNDM2M2JjN2M0YzAiOnsiY3JlYXRlIjoxMjAwMDAwMDAwMDAwLCJkZWxldGUiOjEyMDAwMDAwMDAwMDAsInJlYWQiOjYwMDAwMDAwMDAwMCwidXBkYXRlIjoxMjAwMDAwMDAwMDAwfX0="
        },
        {
          "index_key": "compute.googleapis.com",
          "schema_version": 0,
          "attributes": {
            "disable_dependent_services": null,
            "disable_on_destroy": false,
            "id": "prj-mon-test-iac/compute.googleapis.com",
            "project": "prj-mon-test-iac",
            "service": "compute.googleapis.com",
            "timeouts": null
          },
          "sensitive_attributes": [],
          "private": "eyJlMmJmYjczMC1lY2FhLTExZTYtOGY4OC0zNDM2M2JjN2M0YzAiOnsiY3JlYXRlIjoxMjAwMDAwMDAwMDAwLCJkZWxldGUiOjEyMDAwMDAwMDAwMDAsInJlYWQiOjYwMDAwMDAwMDAwMCwidXBkYXRlIjoxMjAwMDAwMDAwMDAwfX0="
        },
        {
          "index_key": "container.googleapis.com",
          "schema_version": 0,
          "attributes": {
            "disable_dependent_services": null,
            "disable_on_destroy": false,
            "id": "prj-mon-test-iac/container.googleapis.com",
            "project": "prj-mon-test-iac",
            "service": "container.googleapis.com",
            "timeouts": null
          },
          "sensitive_attributes": [],
          "private": "eyJlMmJmYjczMC1lY2FhLTExZTYtOGY4OC0zNDM2M2JjN2M0YzAiOnsiY3JlYXRlIjoxMjAwMDAwMDAwMDAwLCJkZWxldGUiOjEyMDAwMDAwMDAwMDAsInJlYWQiOjYwMDAwMDAwMDAwMCwidXBkYXRlIjoxMjAwMDAwMDAwMDAwfX0="
        },
        {
          "index_key": "iam.googleapis.com",
          "schema_version": 0,
          "attributes": {
            "disable_dependent_services": null,
            "disable_on_destroy": false,
            "id": "prj-mon-test-iac/iam.googleapis.com",
            "project": "prj-mon-test-iac",
            "service": "iam.googleapis.com",
            "timeouts": null
          },
          "sensitive_attributes": [],
          "private": "eyJlMmJmYjczMC1lY2FhLTExZTYtOGY4OC0zNDM2M2JjN2M0YzAiOnsiY3JlYXRlIjoxMjAwMDAwMDAwMDAwLCJkZWxldGUiOjEyMDAwMDAwMDAwMDAsInJlYWQiOjYwMDAwMDAwMDAwMCwidXBkYXRlIjoxMjAwMDAwMDAwMDAwfX0="
        },
        {
          "index_key": "iap.googleapis.com",
          "schema_version": 0,
          "attributes": {
            "disable_dependent_services": null,
            "disable_on_destroy": false,
            "id": "prj-mon-test-iac/iap.googleapis.com",
            "project": "prj-mon-test-iac",
            "service": "iap.googleapis.com",
            "timeouts": null
          },
          "sensitive_attributes": [],
          "private": "eyJlMmJmYjczMC1lY2FhLTExZTYtOGY4OC0zNDM2M2JjN2M0YzAiOnsiY3JlYXRlIjoxMjAwMDAwMDAwMDAwLCJkZWxldGUiOjEyMDAwMDAwMDAwMDAsInJlYWQiOjYwMDAwMDAwMDAwMCwidXBkYXRlIjoxMjAwMDAwMDAwMDAwfX0="
        }
      ]
    },
    {
      "mode": "managed",
      "type": "google_service_account",
      "name": "gke_nodes",
      "provider": "provider[\"registry.terraform.io/hashicorp/google\"]",
      "instances": [
        {
          "schema_version": 0,
          "attributes": {
            "account_id": "gke-nodes",
            "create_ignore_already_exists": null,
            "description": "",
            "disabled": false,
            "display_name": "GKE nodes service account",
            "email": "gke-nodes@prj-mon-test-iac.iam.gserviceaccount.com",
            "id": "projects/prj-mon-test-iac/serviceAccounts/gke-nodes@prj-mon-test-iac.iam.gserviceaccount.com",
            "member": "serviceAccount:gke-nodes@prj-mon-test-iac.iam.gserviceaccount.com",
            "name": "projects/prj-mon-test-iac/serviceAccounts/gke-nodes@prj-mon-test-iac.iam.gserviceaccount.com",
            "project": "prj-mon-test-iac",
            "timeouts": null,
            "unique_id": "108684156651257468490"
          },
          "sensitive_attributes": [],
          "private": "eyJlMmJmYjczMC1lY2FhLTExZTYtOGY4OC0zNDM2M2JjN2M0YzAiOnsiY3JlYXRlIjozMDAwMDAwMDAwMDB9fQ=="
        }
      ]
    }
  ],
  "check_results": null
}
